
Microsoft Visual Studio Solution File, Format Version 12.00
# Visual Studio Version 17
VisualStudioVersion = 17.12.35527.113
MinimumVisualStudioVersion = 10.0.40219.1
Project("{FAE04EC0-301F-11D3-BF4B-00C04F79EFBC}") = "Task1", "Task1\Task1.csproj", "{9E248356-6D58-4A91-8676-D329F808F6CA}"
EndProject
Project("{FAE04EC0-301F-11D3-BF4B-00C04F79EFBC}") = "Task2", "Task2\Task2.csproj", "{2EE99DB7-0109-4596-812E-A9A39B76A17C}"
EndProject
Project("{FAE04EC0-301F-11D3-BF4B-00C04F79EFBC}") = "Task3", "Task3\Task3.csproj", "{62FC8A82-4F82-4F5C-A252-308F844EAF90}"
EndProject
Project("{FAE04EC0-301F-11D3-BF4B-00C04F79EFBC}") = "Task4", "Task4\Task4.csproj", "{2758514D-4063-4E48-94E7-9586A94CC84A}"
EndProject
Global
	GlobalSection(SolutionConfigurationPlatforms) = preSolution
		Debug|Any CPU = Debug|Any CPU
		Release|Any CPU = Release|Any CPU
	EndGlobalSection
	GlobalSection(ProjectConfigurationPlatforms) = postSolution
		{9E248356-6D58-4A91-8676-D329F808F6CA}.Debug|Any CPU.ActiveCfg = Debug|Any CPU
		{9E248356-6D58-4A91-8676-D329F808F6CA}.Debug|Any CPU.Build.0 = Debug|Any CPU
		{9E248356-6D58-4A91-8676-D329F808F6CA}.Release|Any CPU.ActiveCfg = Release|Any CPU
		{9E248356-6D58-4A91-8676-D329F808F6CA}.Release|Any CPU.Build.0 = Release|Any CPU
		{2EE99DB7-0109-4596-812E-A9A39B76A17C}.Debug|Any CPU.ActiveCfg = Debug|Any CPU
		{2EE99DB7-0109-4596-812E-A9A39B76A17C}.Debug|Any CPU.Build.0 = Debug|Any CPU
		{2EE99DB7-0109-4596-812E-A9A39B76A17C}.Release|Any CPU.ActiveCfg = Release|Any CPU
		{2EE99DB7-0109-4596-812E-A9A39B76A17C}.Release|Any CPU.Build.0 = Release|Any CPU
		{62FC8A82-4F82-4F5C-A252-308F844EAF90}.Debug|Any CPU.ActiveCfg = Debug|Any CPU
		{62FC8A82-4F82-4F5C-A252-308F844EAF90}.Debug|Any CPU.Build.0 = Debug|Any CPU
		{62FC8A82-4F82-4F5C-A252-308F844EAF90}.Release|Any CPU.ActiveCfg = Release|Any CPU
		{62FC8A82-4F82-4F5C-A252-308F844EAF90}.Release|Any CPU.Build.0 = Release|Any CPU
		{2758514D-4063-4E48-94E7-9586A94CC84A}.Debug|Any CPU.ActiveCfg = Debug|Any CPU
		{2758514D-4063-4E48-94E7-9586A94CC84A}.Debug|Any CPU.Build.0 = Debug|Any CPU
		{2758514D-4063-4E48-94E7-9586A94CC84A}.Release|Any CPU.ActiveCfg = Release|Any CPU
		{2758514D-4063-4E48-94E7-9586A94CC84A}.Release|Any CPU.Build.0 = Release|Any CPU
	EndGlobalSection
	GlobalSection(SolutionProperties) = preSolution
		HideSolutionNode = FALSE
	EndGlobalSection
EndGlobal
